
Microsoft Visual Studio Solution File, Format Version 12.00
# Visual Studio Version 16
VisualStudioVersion = 16.0.32002.261
MinimumVisualStudioVersion = 10.0.40219.1
Project("{FAE04EC0-301F-11D3-BF4B-00C04F79EFBC}") = "Tesseract", "Tesseract.csproj", "{17A32566-0E50-402D-A3EB-E81D9AB11C61}"
EndProject
Global
	GlobalSection(SolutionConfigurationPlatforms) = preSolution
		Debug|Any CPU = Debug|Any CPU
		Release|Any CPU = Release|Any CPU
	EndGlobalSection
	GlobalSection(ProjectConfigurationPlatforms) = postSolution
		{17A32566-0E50-402D-A3EB-E81D9AB11C61}.Debug|Any CPU.ActiveCfg = Debug|Any CPU
		{17A32566-0E50-402D-A3EB-E81D9AB11C61}.Debug|Any CPU.Build.0 = Debug|Any CPU
		{17A32566-0E50-402D-A3EB-E81D9AB11C61}.Release|Any CPU.ActiveCfg = Release|Any CPU
		{17A32566-0E50-402D-A3EB-E81D9AB11C61}.Release|Any CPU.Build.0 = Release|Any CPU
	EndGlobalSection
	GlobalSection(SolutionProperties) = preSolution
		HideSolutionNode = FALSE
	EndGlobalSection
	GlobalSection(ExtensibilityGlobals) = postSolution
		SolutionGuid = {9169935E-2BFA-40D2-86A1-F2273F30B6C7}
	EndGlobalSection
EndGlobal
